{
  "originHash" : "f635efa576cebc16b9cf4a54aed49af5751ac96480606a546e98d46c27f33ccb",
  "pins" : [
    {
      "identity" : "openai",
      "kind" : "remoteSourceControl",
      "location" : "https://github.com/MacPaw/OpenAI",
      "state" : {
        "revision" : "fd13a41e987004d14f1793c570721953a2767b03",
        "version" : "0.2.9"
      }
    },
    {
      "identity" : "ytwswiftuilibrary",
      "kind" : "remoteSourceControl",
      "location" : "https://github.com/iOS-Developer-KR/YTWSwiftUILibrary.git",
      "state" : {
        "branch" : "main",
        "revision" : "b342342ccbd918cb039665069b86675bc8bb521d"
      }
    }
  ],
  "version" : 3
}
