{
  "originHash" : "f635efa576cebc16b9cf4a54aed49af5751ac96480606a546e98d46c27f33ccb",
  "pins" : [
    {
      "identity" : "openai",
      "kind" : "remoteSourceControl",
      "location" : "https://github.com/MacPaw/OpenAI",
      "state" : {
        "revision" : "843e087929aa806adb611dbca93f9a4a7f28be04",
        "version" : "0.3.0"
      }
    },
    {
      "identity" : "ytwswiftuilibrary",
      "kind" : "remoteSourceControl",
      "location" : "https://github.com/iOS-Developer-KR/YTWSwiftUILibrary.git",
      "state" : {
        "branch" : "main",
        "revision" : "e08addc852ae01631058b18e12af2a21a339b039"
      }
    }
  ],
  "version" : 3
}
