// !$*UTF8*$!
{
	archiveVersion = 1;
	classes = {
	};
	objectVersion = 56;
	objects = {

/* Begin PBXBuildFile section */
		2B64B18E2C57C89B00F7A74B /* AccessCameraView.swift in Sources */ = {isa = PBXBuildFile; fileRef = 2B64B18D2C57C89B00F7A74B /* AccessCameraView.swift */; };
		2B64B1902C5A2ED600F7A74B /* CalendarView.swift in Sources */ = {isa = PBXBuildFile; fileRef = 2B64B18F2C5A2ED600F7A74B /* CalendarView.swift */; };
		2B64B19B2C5A2FDF00F7A74B /* Receipts.swift in Sources */ = {isa = PBXBuildFile; fileRef = 2B64B19A2C5A2FDF00F7A74B /* Receipts.swift */; };
		2B64B19D2C5A2FF200F7A74B /* Marchandize.swift in Sources */ = {isa = PBXBuildFile; fileRef = 2B64B19C2C5A2FF200F7A74B /* Marchandize.swift */; };
		2B8011192C3ACAE100EFF0DF /* SmartExpenceTrackerApp.swift in Sources */ = {isa = PBXBuildFile; fileRef = 2B8011182C3ACAE100EFF0DF /* SmartExpenceTrackerApp.swift */; };
		2B80111B2C3ACAE100EFF0DF /* MainContainer.swift in Sources */ = {isa = PBXBuildFile; fileRef = 2B80111A2C3ACAE100EFF0DF /* MainContainer.swift */; };
		2B80111D2C3ACAE100EFF0DF /* Assets.xcassets in Resources */ = {isa = PBXBuildFile; fileRef = 2B80111C2C3ACAE100EFF0DF /* Assets.xcassets */; };
		2B8011212C3ACAE100EFF0DF /* Preview Assets.xcassets in Resources */ = {isa = PBXBuildFile; fileRef = 2B8011202C3ACAE100EFF0DF /* Preview Assets.xcassets */; };
		2B8011452C3ACCF800EFF0DF /* OpenAI in Frameworks */ = {isa = PBXBuildFile; productRef = 2B8011442C3ACCF800EFF0DF /* OpenAI */; };
		2B8011472C3ACD2400EFF0DF /* AnalyzingGPT.swift in Sources */ = {isa = PBXBuildFile; fileRef = 2B8011462C3ACD2400EFF0DF /* AnalyzingGPT.swift */; };
		2BB285962C3E162800B4CC09 /* Extension+View.swift in Sources */ = {isa = PBXBuildFile; fileRef = 2BB285952C3E162800B4CC09 /* Extension+View.swift */; };
		2BB285982C3E19A300B4CC09 /* AnalyzingPhotoView.swift in Sources */ = {isa = PBXBuildFile; fileRef = 2BB285972C3E19A300B4CC09 /* AnalyzingPhotoView.swift */; };
		2BB2859A2C3E3B6B00B4CC09 /* SavingExpenceView.swift in Sources */ = {isa = PBXBuildFile; fileRef = 2BB285992C3E3B6B00B4CC09 /* SavingExpenceView.swift */; };
		2BB6B19F2C5E30030096A745 /* DateSelectView.swift in Sources */ = {isa = PBXBuildFile; fileRef = 2BB6B19E2C5E30030096A745 /* DateSelectView.swift */; };
		2BB6B1A12C5E320A0096A745 /* IncomeExpenceView.swift in Sources */ = {isa = PBXBuildFile; fileRef = 2BB6B1A02C5E320A0096A745 /* IncomeExpenceView.swift */; };
/* End PBXBuildFile section */

/* Begin PBXFileReference section */
		2B64B18D2C57C89B00F7A74B /* AccessCameraView.swift */ = {isa = PBXFileReference; lastKnownFileType = sourcecode.swift; path = AccessCameraView.swift; sourceTree = "<group>"; };
		2B64B18F2C5A2ED600F7A74B /* CalendarView.swift */ = {isa = PBXFileReference; lastKnownFileType = sourcecode.swift; path = CalendarView.swift; sourceTree = "<group>"; };
		2B64B19A2C5A2FDF00F7A74B /* Receipts.swift */ = {isa = PBXFileReference; lastKnownFileType = sourcecode.swift; path = Receipts.swift; sourceTree = "<group>"; };
		2B64B19C2C5A2FF200F7A74B /* Marchandize.swift */ = {isa = PBXFileReference; lastKnownFileType = sourcecode.swift; path = Marchandize.swift; sourceTree = "<group>"; };
		2B8011152C3ACAE100EFF0DF /* SmartExpenceTracker.app */ = {isa = PBXFileReference; explicitFileType = wrapper.application; includeInIndex = 0; path = SmartExpenceTracker.app; sourceTree = BUILT_PRODUCTS_DIR; };
		2B8011182C3ACAE100EFF0DF /* SmartExpenceTrackerApp.swift */ = {isa = PBXFileReference; lastKnownFileType = sourcecode.swift; path = SmartExpenceTrackerApp.swift; sourceTree = "<group>"; };
		2B80111A2C3ACAE100EFF0DF /* MainContainer.swift */ = {isa = PBXFileReference; lastKnownFileType = sourcecode.swift; path = MainContainer.swift; sourceTree = "<group>"; };
		2B80111C2C3ACAE100EFF0DF /* Assets.xcassets */ = {isa = PBXFileReference; lastKnownFileType = folder.assetcatalog; path = Assets.xcassets; sourceTree = "<group>"; };
		2B80111E2C3ACAE100EFF0DF /* SmartExpenceTracker.entitlements */ = {isa = PBXFileReference; lastKnownFileType = text.plist.entitlements; path = SmartExpenceTracker.entitlements; sourceTree = "<group>"; };
		2B8011202C3ACAE100EFF0DF /* Preview Assets.xcassets */ = {isa = PBXFileReference; lastKnownFileType = folder.assetcatalog; path = "Preview Assets.xcassets"; sourceTree = "<group>"; };
		2B8011462C3ACD2400EFF0DF /* AnalyzingGPT.swift */ = {isa = PBXFileReference; lastKnownFileType = sourcecode.swift; path = AnalyzingGPT.swift; sourceTree = "<group>"; };
		2BB285952C3E162800B4CC09 /* Extension+View.swift */ = {isa = PBXFileReference; lastKnownFileType = sourcecode.swift; path = "Extension+View.swift"; sourceTree = "<group>"; };
		2BB285972C3E19A300B4CC09 /* AnalyzingPhotoView.swift */ = {isa = PBXFileReference; lastKnownFileType = sourcecode.swift; path = AnalyzingPhotoView.swift; sourceTree = "<group>"; };
		2BB285992C3E3B6B00B4CC09 /* SavingExpenceView.swift */ = {isa = PBXFileReference; lastKnownFileType = sourcecode.swift; path = SavingExpenceView.swift; sourceTree = "<group>"; };
		2BB6B19E2C5E30030096A745 /* DateSelectView.swift */ = {isa = PBXFileReference; lastKnownFileType = sourcecode.swift; path = DateSelectView.swift; sourceTree = "<group>"; };
		2BB6B1A02C5E320A0096A745 /* IncomeExpenceView.swift */ = {isa = PBXFileReference; lastKnownFileType = sourcecode.swift; path = IncomeExpenceView.swift; sourceTree = "<group>"; };
/* End PBXFileReference section */

/* Begin PBXFrameworksBuildPhase section */
		2B8011122C3ACAE100EFF0DF /* Frameworks */ = {
			isa = PBXFrameworksBuildPhase;
			buildActionMask = 2147483647;
			files = (
				2B8011452C3ACCF800EFF0DF /* OpenAI in Frameworks */,
			);
			runOnlyForDeploymentPostprocessing = 0;
		};
/* End PBXFrameworksBuildPhase section */

/* Begin PBXGroup section */
		2B64B1912C5A2EDB00F7A74B /* Main */ = {
			isa = PBXGroup;
			children = (
				2B64B1932C5A2EF800F7A74B /* Model */,
				2B64B1942C5A2EFE00F7A74B /* View */,
				2B64B1922C5A2EE900F7A74B /* ViewModel */,
			);
			path = Main;
			sourceTree = "<group>";
		};
		2B64B1922C5A2EE900F7A74B /* ViewModel */ = {
			isa = PBXGroup;
			children = (
			);
			path = ViewModel;
			sourceTree = "<group>";
		};
		2B64B1932C5A2EF800F7A74B /* Model */ = {
			isa = PBXGroup;
			children = (
			);
			path = Model;
			sourceTree = "<group>";
		};
		2B64B1942C5A2EFE00F7A74B /* View */ = {
			isa = PBXGroup;
			children = (
				2B80111A2C3ACAE100EFF0DF /* MainContainer.swift */,
				2BB6B1C22C624B540096A745 /* IncomeExpence */,
				2BB6B1C12C624B4A0096A745 /* AccessCamera */,
			);
			path = View;
			sourceTree = "<group>";
		};
		2B64B1952C5A2F3000F7A74B /* Analyze */ = {
			isa = PBXGroup;
			children = (
				2B64B1982C5A2F4400F7A74B /* Model */,
				2B64B1962C5A2F3C00F7A74B /* View */,
				2B64B1972C5A2F4000F7A74B /* ViewModel */,
			);
			path = Analyze;
			sourceTree = "<group>";
		};
		2B64B1962C5A2F3C00F7A74B /* View */ = {
			isa = PBXGroup;
			children = (
				2BB285972C3E19A300B4CC09 /* AnalyzingPhotoView.swift */,
				2BB285992C3E3B6B00B4CC09 /* SavingExpenceView.swift */,
			);
			path = View;
			sourceTree = "<group>";
		};
		2B64B1972C5A2F4000F7A74B /* ViewModel */ = {
			isa = PBXGroup;
			children = (
				2B8011462C3ACD2400EFF0DF /* AnalyzingGPT.swift */,
			);
			path = ViewModel;
			sourceTree = "<group>";
		};
		2B64B1982C5A2F4400F7A74B /* Model */ = {
			isa = PBXGroup;
			children = (
			);
			path = Model;
			sourceTree = "<group>";
		};
		2B64B1992C5A2FD100F7A74B /* Model */ = {
			isa = PBXGroup;
			children = (
				2B64B19A2C5A2FDF00F7A74B /* Receipts.swift */,
				2B64B19C2C5A2FF200F7A74B /* Marchandize.swift */,
			);
			path = Model;
			sourceTree = "<group>";
		};
		2B80110C2C3ACAE100EFF0DF = {
			isa = PBXGroup;
			children = (
				2B8011172C3ACAE100EFF0DF /* SmartExpenceTracker */,
				2B8011162C3ACAE100EFF0DF /* Products */,
			);
			sourceTree = "<group>";
		};
		2B8011162C3ACAE100EFF0DF /* Products */ = {
			isa = PBXGroup;
			children = (
				2B8011152C3ACAE100EFF0DF /* SmartExpenceTracker.app */,
			);
			name = Products;
			sourceTree = "<group>";
		};
		2B8011172C3ACAE100EFF0DF /* SmartExpenceTracker */ = {
			isa = PBXGroup;
			children = (
				2B8011182C3ACAE100EFF0DF /* SmartExpenceTrackerApp.swift */,
				2B64B1912C5A2EDB00F7A74B /* Main */,
				2BB6B1C32C624B570096A745 /* New Group */,
				2B64B1952C5A2F3000F7A74B /* Analyze */,
				2B64B1992C5A2FD100F7A74B /* Model */,
				2BB285952C3E162800B4CC09 /* Extension+View.swift */,
				2B80111C2C3ACAE100EFF0DF /* Assets.xcassets */,
				2B80111E2C3ACAE100EFF0DF /* SmartExpenceTracker.entitlements */,
				2B80111F2C3ACAE100EFF0DF /* Preview Content */,
			);
			path = SmartExpenceTracker;
			sourceTree = "<group>";
		};
		2B80111F2C3ACAE100EFF0DF /* Preview Content */ = {
			isa = PBXGroup;
			children = (
				2B8011202C3ACAE100EFF0DF /* Preview Assets.xcassets */,
			);
			path = "Preview Content";
			sourceTree = "<group>";
		};
		2BB6B1C12C624B4A0096A745 /* AccessCamera */ = {
			isa = PBXGroup;
			children = (
				2B64B18D2C57C89B00F7A74B /* AccessCameraView.swift */,
			);
			path = AccessCamera;
			sourceTree = "<group>";
		};
		2BB6B1C22C624B540096A745 /* IncomeExpence */ = {
			isa = PBXGroup;
			children = (
				2BB6B19E2C5E30030096A745 /* DateSelectView.swift */,
				2BB6B1A02C5E320A0096A745 /* IncomeExpenceView.swift */,
				2B64B18F2C5A2ED600F7A74B /* CalendarView.swift */,
			);
			name = IncomeExpence;
			path = "../../New Group/IncomeExpence";
			sourceTree = "<group>";
		};
		2BB6B1C32C624B570096A745 /* New Group */ = {
			isa = PBXGroup;
			children = (
			);
			name = "New Group";
			path = "New Group/New Group/New Group";
			sourceTree = "<group>";
		};
/* End PBXGroup section */

/* Begin PBXNativeTarget section */
		2B8011142C3ACAE100EFF0DF /* SmartExpenceTracker */ = {
			isa = PBXNativeTarget;
			buildConfigurationList = 2B80113A2C3ACAE200EFF0DF /* Build configuration list for PBXNativeTarget "SmartExpenceTracker" */;
			buildPhases = (
				2B8011112C3ACAE100EFF0DF /* Sources */,
				2B8011122C3ACAE100EFF0DF /* Frameworks */,
				2B8011132C3ACAE100EFF0DF /* Resources */,
			);
			buildRules = (
			);
			dependencies = (
			);
			name = SmartExpenceTracker;
			packageProductDependencies = (
				2B8011442C3ACCF800EFF0DF /* OpenAI */,
			);
			productName = SmartExpenceTracker;
			productReference = 2B8011152C3ACAE100EFF0DF /* SmartExpenceTracker.app */;
			productType = "com.apple.product-type.application";
		};
/* End PBXNativeTarget section */

/* Begin PBXProject section */
		2B80110D2C3ACAE100EFF0DF /* Project object */ = {
			isa = PBXProject;
			attributes = {
				BuildIndependentTargetsInParallel = 1;
				LastSwiftUpdateCheck = 1540;
				LastUpgradeCheck = 1540;
				TargetAttributes = {
					2B8011142C3ACAE100EFF0DF = {
						CreatedOnToolsVersion = 15.4;
					};
				};
			};
			buildConfigurationList = 2B8011102C3ACAE100EFF0DF /* Build configuration list for PBXProject "SmartExpenceTracker" */;
			compatibilityVersion = "Xcode 14.0";
			developmentRegion = en;
			hasScannedForEncodings = 0;
			knownRegions = (
				en,
				Base,
			);
			mainGroup = 2B80110C2C3ACAE100EFF0DF;
			packageReferences = (
				2B8011432C3ACCF800EFF0DF /* XCRemoteSwiftPackageReference "OpenAI" */,
			);
			productRefGroup = 2B8011162C3ACAE100EFF0DF /* Products */;
			projectDirPath = "";
			projectRoot = "";
			targets = (
				2B8011142C3ACAE100EFF0DF /* SmartExpenceTracker */,
			);
		};
/* End PBXProject section */

/* Begin PBXResourcesBuildPhase section */
		2B8011132C3ACAE100EFF0DF /* Resources */ = {
			isa = PBXResourcesBuildPhase;
			buildActionMask = 2147483647;
			files = (
				2B8011212C3ACAE100EFF0DF /* Preview Assets.xcassets in Resources */,
				2B80111D2C3ACAE100EFF0DF /* Assets.xcassets in Resources */,
			);
			runOnlyForDeploymentPostprocessing = 0;
		};
/* End PBXResourcesBuildPhase section */

/* Begin PBXSourcesBuildPhase section */
		2B8011112C3ACAE100EFF0DF /* Sources */ = {
			isa = PBXSourcesBuildPhase;
			buildActionMask = 2147483647;
			files = (
				2BB2859A2C3E3B6B00B4CC09 /* SavingExpenceView.swift in Sources */,
				2B80111B2C3ACAE100EFF0DF /* MainContainer.swift in Sources */,
				2B8011192C3ACAE100EFF0DF /* SmartExpenceTrackerApp.swift in Sources */,
				2BB285962C3E162800B4CC09 /* Extension+View.swift in Sources */,
				2BB6B1A12C5E320A0096A745 /* IncomeExpenceView.swift in Sources */,
				2B64B1902C5A2ED600F7A74B /* CalendarView.swift in Sources */,
				2B8011472C3ACD2400EFF0DF /* AnalyzingGPT.swift in Sources */,
				2B64B19B2C5A2FDF00F7A74B /* Receipts.swift in Sources */,
				2BB285982C3E19A300B4CC09 /* AnalyzingPhotoView.swift in Sources */,
				2BB6B19F2C5E30030096A745 /* DateSelectView.swift in Sources */,
				2B64B18E2C57C89B00F7A74B /* AccessCameraView.swift in Sources */,
				2B64B19D2C5A2FF200F7A74B /* Marchandize.swift in Sources */,
			);
			runOnlyForDeploymentPostprocessing = 0;
		};
/* End PBXSourcesBuildPhase section */

/* Begin XCBuildConfiguration section */
		2B8011382C3ACAE200EFF0DF /* Debug */ = {
			isa = XCBuildConfiguration;
			buildSettings = {
				ALWAYS_SEARCH_USER_PATHS = NO;
				ASSETCATALOG_COMPILER_GENERATE_SWIFT_ASSET_SYMBOL_EXTENSIONS = YES;
				CLANG_ANALYZER_NONNULL = YES;
				CLANG_ANALYZER_NUMBER_OBJECT_CONVERSION = YES_AGGRESSIVE;
				CLANG_CXX_LANGUAGE_STANDARD = "gnu++20";
				CLANG_ENABLE_MODULES = YES;
				CLANG_ENABLE_OBJC_ARC = YES;
				CLANG_ENABLE_OBJC_WEAK = YES;
				CLANG_WARN_BLOCK_CAPTURE_AUTORELEASING = YES;
				CLANG_WARN_BOOL_CONVERSION = YES;
				CLANG_WARN_COMMA = YES;
				CLANG_WARN_CONSTANT_CONVERSION = YES;
				CLANG_WARN_DEPRECATED_OBJC_IMPLEMENTATIONS = YES;
				CLANG_WARN_DIRECT_OBJC_ISA_USAGE = YES_ERROR;
				CLANG_WARN_DOCUMENTATION_COMMENTS = YES;
				CLANG_WARN_EMPTY_BODY = YES;
				CLANG_WARN_ENUM_CONVERSION = YES;
				CLANG_WARN_INFINITE_RECURSION = YES;
				CLANG_WARN_INT_CONVERSION = YES;
				CLANG_WARN_NON_LITERAL_NULL_CONVERSION = YES;
				CLANG_WARN_OBJC_IMPLICIT_RETAIN_SELF = YES;
				CLANG_WARN_OBJC_LITERAL_CONVERSION = YES;
				CLANG_WARN_OBJC_ROOT_CLASS = YES_ERROR;
				CLANG_WARN_QUOTED_INCLUDE_IN_FRAMEWORK_HEADER = YES;
				CLANG_WARN_RANGE_LOOP_ANALYSIS = YES;
				CLANG_WARN_STRICT_PROTOTYPES = YES;
				CLANG_WARN_SUSPICIOUS_MOVE = YES;
				CLANG_WARN_UNGUARDED_AVAILABILITY = YES_AGGRESSIVE;
				CLANG_WARN_UNREACHABLE_CODE = YES;
				CLANG_WARN__DUPLICATE_METHOD_MATCH = YES;
				COPY_PHASE_STRIP = NO;
				DEBUG_INFORMATION_FORMAT = dwarf;
				ENABLE_STRICT_OBJC_MSGSEND = YES;
				ENABLE_TESTABILITY = YES;
				ENABLE_USER_SCRIPT_SANDBOXING = YES;
				GCC_C_LANGUAGE_STANDARD = gnu17;
				GCC_DYNAMIC_NO_PIC = NO;
				GCC_NO_COMMON_BLOCKS = YES;
				GCC_OPTIMIZATION_LEVEL = 0;
				GCC_PREPROCESSOR_DEFINITIONS = (
					"DEBUG=1",
					"$(inherited)",
				);
				GCC_WARN_64_TO_32_BIT_CONVERSION = YES;
				GCC_WARN_ABOUT_RETURN_TYPE = YES_ERROR;
				GCC_WARN_UNDECLARED_SELECTOR = YES;
				GCC_WARN_UNINITIALIZED_AUTOS = YES_AGGRESSIVE;
				GCC_WARN_UNUSED_FUNCTION = YES;
				GCC_WARN_UNUSED_VARIABLE = YES;
				LOCALIZATION_PREFERS_STRING_CATALOGS = YES;
				MTL_ENABLE_DEBUG_INFO = INCLUDE_SOURCE;
				MTL_FAST_MATH = YES;
				ONLY_ACTIVE_ARCH = YES;
				SWIFT_ACTIVE_COMPILATION_CONDITIONS = "DEBUG $(inherited)";
				SWIFT_OPTIMIZATION_LEVEL = "-Onone";
			};
			name = Debug;
		};
		2B8011392C3ACAE200EFF0DF /* Release */ = {
			isa = XCBuildConfiguration;
			buildSettings = {
				ALWAYS_SEARCH_USER_PATHS = NO;
				ASSETCATALOG_COMPILER_GENERATE_SWIFT_ASSET_SYMBOL_EXTENSIONS = YES;
				CLANG_ANALYZER_NONNULL = YES;
				CLANG_ANALYZER_NUMBER_OBJECT_CONVERSION = YES_AGGRESSIVE;
				CLANG_CXX_LANGUAGE_STANDARD = "gnu++20";
				CLANG_ENABLE_MODULES = YES;
				CLANG_ENABLE_OBJC_ARC = YES;
				CLANG_ENABLE_OBJC_WEAK = YES;
				CLANG_WARN_BLOCK_CAPTURE_AUTORELEASING = YES;
				CLANG_WARN_BOOL_CONVERSION = YES;
				CLANG_WARN_COMMA = YES;
				CLANG_WARN_CONSTANT_CONVERSION = YES;
				CLANG_WARN_DEPRECATED_OBJC_IMPLEMENTATIONS = YES;
				CLANG_WARN_DIRECT_OBJC_ISA_USAGE = YES_ERROR;
				CLANG_WARN_DOCUMENTATION_COMMENTS = YES;
				CLANG_WARN_EMPTY_BODY = YES;
				CLANG_WARN_ENUM_CONVERSION = YES;
				CLANG_WARN_INFINITE_RECURSION = YES;
				CLANG_WARN_INT_CONVERSION = YES;
				CLANG_WARN_NON_LITERAL_NULL_CONVERSION = YES;
				CLANG_WARN_OBJC_IMPLICIT_RETAIN_SELF = YES;
				CLANG_WARN_OBJC_LITERAL_CONVERSION = YES;
				CLANG_WARN_OBJC_ROOT_CLASS = YES_ERROR;
				CLANG_WARN_QUOTED_INCLUDE_IN_FRAMEWORK_HEADER = YES;
				CLANG_WARN_RANGE_LOOP_ANALYSIS = YES;
				CLANG_WARN_STRICT_PROTOTYPES = YES;
				CLANG_WARN_SUSPICIOUS_MOVE = YES;
				CLANG_WARN_UNGUARDED_AVAILABILITY = YES_AGGRESSIVE;
				CLANG_WARN_UNREACHABLE_CODE = YES;
				CLANG_WARN__DUPLICATE_METHOD_MATCH = YES;
				COPY_PHASE_STRIP = NO;
				DEBUG_INFORMATION_FORMAT = "dwarf-with-dsym";
				ENABLE_NS_ASSERTIONS = NO;
				ENABLE_STRICT_OBJC_MSGSEND = YES;
				ENABLE_USER_SCRIPT_SANDBOXING = YES;
				GCC_C_LANGUAGE_STANDARD = gnu17;
				GCC_NO_COMMON_BLOCKS = YES;
				GCC_WARN_64_TO_32_BIT_CONVERSION = YES;
				GCC_WARN_ABOUT_RETURN_TYPE = YES_ERROR;
				GCC_WARN_UNDECLARED_SELECTOR = YES;
				GCC_WARN_UNINITIALIZED_AUTOS = YES_AGGRESSIVE;
				GCC_WARN_UNUSED_FUNCTION = YES;
				GCC_WARN_UNUSED_VARIABLE = YES;
				LOCALIZATION_PREFERS_STRING_CATALOGS = YES;
				MTL_ENABLE_DEBUG_INFO = NO;
				MTL_FAST_MATH = YES;
				SWIFT_COMPILATION_MODE = wholemodule;
			};
			name = Release;
		};
		2B80113B2C3ACAE200EFF0DF /* Debug */ = {
			isa = XCBuildConfiguration;
			buildSettings = {
				ASSETCATALOG_COMPILER_APPICON_NAME = AppIcon;
				ASSETCATALOG_COMPILER_GLOBAL_ACCENT_COLOR_NAME = AccentColor;
				CODE_SIGN_ENTITLEMENTS = SmartExpenceTracker/SmartExpenceTracker.entitlements;
				CODE_SIGN_STYLE = Automatic;
				CURRENT_PROJECT_VERSION = 1;
				DEVELOPMENT_ASSET_PATHS = "\"SmartExpenceTracker/Preview Content\"";
				DEVELOPMENT_TEAM = 8HM2XMG9QM;
				ENABLE_HARDENED_RUNTIME = YES;
				ENABLE_PREVIEWS = YES;
				GENERATE_INFOPLIST_FILE = YES;
				INFOPLIST_KEY_NSCameraUsageDescription = "Camera Usage";
				"INFOPLIST_KEY_UIApplicationSceneManifest_Generation[sdk=iphoneos*]" = YES;
				"INFOPLIST_KEY_UIApplicationSceneManifest_Generation[sdk=iphonesimulator*]" = YES;
				"INFOPLIST_KEY_UIApplicationSupportsIndirectInputEvents[sdk=iphoneos*]" = YES;
				"INFOPLIST_KEY_UIApplicationSupportsIndirectInputEvents[sdk=iphonesimulator*]" = YES;
				"INFOPLIST_KEY_UILaunchScreen_Generation[sdk=iphoneos*]" = YES;
				"INFOPLIST_KEY_UILaunchScreen_Generation[sdk=iphonesimulator*]" = YES;
				"INFOPLIST_KEY_UIStatusBarStyle[sdk=iphoneos*]" = UIStatusBarStyleDefault;
				"INFOPLIST_KEY_UIStatusBarStyle[sdk=iphonesimulator*]" = UIStatusBarStyleDefault;
				INFOPLIST_KEY_UISupportedInterfaceOrientations_iPad = "UIInterfaceOrientationPortrait UIInterfaceOrientationPortraitUpsideDown UIInterfaceOrientationLandscapeLeft UIInterfaceOrientationLandscapeRight";
				INFOPLIST_KEY_UISupportedInterfaceOrientations_iPhone = "UIInterfaceOrientationPortrait UIInterfaceOrientationLandscapeLeft UIInterfaceOrientationLandscapeRight";
				IPHONEOS_DEPLOYMENT_TARGET = 17.4;
				LD_RUNPATH_SEARCH_PATHS = "@executable_path/Frameworks";
				"LD_RUNPATH_SEARCH_PATHS[sdk=macosx*]" = "@executable_path/../Frameworks";
				MACOSX_DEPLOYMENT_TARGET = 14.5;
				MARKETING_VERSION = 1.0;
				PRODUCT_BUNDLE_IDENTIFIER = SmartExpenceTracker.SmartExpenceTracker;
				PRODUCT_NAME = "$(TARGET_NAME)";
				SDKROOT = auto;
				SUPPORTED_PLATFORMS = "iphoneos iphonesimulator macosx";
				SWIFT_EMIT_LOC_STRINGS = YES;
				SWIFT_VERSION = 5.0;
				TARGETED_DEVICE_FAMILY = "1,2";
			};
			name = Debug;
		};
		2B80113C2C3ACAE200EFF0DF /* Release */ = {
			isa = XCBuildConfiguration;
			buildSettings = {
				ASSETCATALOG_COMPILER_APPICON_NAME = AppIcon;
				ASSETCATALOG_COMPILER_GLOBAL_ACCENT_COLOR_NAME = AccentColor;
				CODE_SIGN_ENTITLEMENTS = SmartExpenceTracker/SmartExpenceTracker.entitlements;
				CODE_SIGN_STYLE = Automatic;
				CURRENT_PROJECT_VERSION = 1;
				DEVELOPMENT_ASSET_PATHS = "\"SmartExpenceTracker/Preview Content\"";
				DEVELOPMENT_TEAM = 8HM2XMG9QM;
				ENABLE_HARDENED_RUNTIME = YES;
				ENABLE_PREVIEWS = YES;
				GENERATE_INFOPLIST_FILE = YES;
				INFOPLIST_KEY_NSCameraUsageDescription = "Camera Usage";
				"INFOPLIST_KEY_UIApplicationSceneManifest_Generation[sdk=iphoneos*]" = YES;
				"INFOPLIST_KEY_UIApplicationSceneManifest_Generation[sdk=iphonesimulator*]" = YES;
				"INFOPLIST_KEY_UIApplicationSupportsIndirectInputEvents[sdk=iphoneos*]" = YES;
				"INFOPLIST_KEY_UIApplicationSupportsIndirectInputEvents[sdk=iphonesimulator*]" = YES;
				"INFOPLIST_KEY_UILaunchScreen_Generation[sdk=iphoneos*]" = YES;
				"INFOPLIST_KEY_UILaunchScreen_Generation[sdk=iphonesimulator*]" = YES;
				"INFOPLIST_KEY_UIStatusBarStyle[sdk=iphoneos*]" = UIStatusBarStyleDefault;
				"INFOPLIST_KEY_UIStatusBarStyle[sdk=iphonesimulator*]" = UIStatusBarStyleDefault;
				INFOPLIST_KEY_UISupportedInterfaceOrientations_iPad = "UIInterfaceOrientationPortrait UIInterfaceOrientationPortraitUpsideDown UIInterfaceOrientationLandscapeLeft UIInterfaceOrientationLandscapeRight";
				INFOPLIST_KEY_UISupportedInterfaceOrientations_iPhone = "UIInterfaceOrientationPortrait UIInterfaceOrientationLandscapeLeft UIInterfaceOrientationLandscapeRight";
				IPHONEOS_DEPLOYMENT_TARGET = 17.4;
				LD_RUNPATH_SEARCH_PATHS = "@executable_path/Frameworks";
				"LD_RUNPATH_SEARCH_PATHS[sdk=macosx*]" = "@executable_path/../Frameworks";
				MACOSX_DEPLOYMENT_TARGET = 14.5;
				MARKETING_VERSION = 1.0;
				PRODUCT_BUNDLE_IDENTIFIER = SmartExpenceTracker.SmartExpenceTracker;
				PRODUCT_NAME = "$(TARGET_NAME)";
				SDKROOT = auto;
				SUPPORTED_PLATFORMS = "iphoneos iphonesimulator macosx";
				SWIFT_EMIT_LOC_STRINGS = YES;
				SWIFT_VERSION = 5.0;
				TARGETED_DEVICE_FAMILY = "1,2";
			};
			name = Release;
		};
/* End XCBuildConfiguration section */

/* Begin XCConfigurationList section */
		2B8011102C3ACAE100EFF0DF /* Build configuration list for PBXProject "SmartExpenceTracker" */ = {
			isa = XCConfigurationList;
			buildConfigurations = (
				2B8011382C3ACAE200EFF0DF /* Debug */,
				2B8011392C3ACAE200EFF0DF /* Release */,
			);
			defaultConfigurationIsVisible = 0;
			defaultConfigurationName = Release;
		};
		2B80113A2C3ACAE200EFF0DF /* Build configuration list for PBXNativeTarget "SmartExpenceTracker" */ = {
			isa = XCConfigurationList;
			buildConfigurations = (
				2B80113B2C3ACAE200EFF0DF /* Debug */,
				2B80113C2C3ACAE200EFF0DF /* Release */,
			);
			defaultConfigurationIsVisible = 0;
			defaultConfigurationName = Release;
		};
/* End XCConfigurationList section */

/* Begin XCRemoteSwiftPackageReference section */
		2B8011432C3ACCF800EFF0DF /* XCRemoteSwiftPackageReference "OpenAI" */ = {
			isa = XCRemoteSwiftPackageReference;
			repositoryURL = "https://github.com/MacPaw/OpenAI";
			requirement = {
				kind = upToNextMajorVersion;
				minimumVersion = 0.2.9;
			};
		};
/* End XCRemoteSwiftPackageReference section */

/* Begin XCSwiftPackageProductDependency section */
		2B8011442C3ACCF800EFF0DF /* OpenAI */ = {
			isa = XCSwiftPackageProductDependency;
			package = 2B8011432C3ACCF800EFF0DF /* XCRemoteSwiftPackageReference "OpenAI" */;
			productName = OpenAI;
		};
/* End XCSwiftPackageProductDependency section */
	};
	rootObject = 2B80110D2C3ACAE100EFF0DF /* Project object */;
}
